
Microsoft Visual Studio Solution File, Format Version 12.00
# Visual Studio 15
VisualStudioVersion = 15.0.26206.0
MinimumVisualStudioVersion = 10.0.40219.1
Project("{2150E333-8FDC-42A3-9474-1A3956D46DE8}") = "src", "src", "{7B372C57-D38E-4D41-A5DF-3ADEC27C3D06}"
	ProjectSection(SolutionItems) = preProject
		src\Opux\NuGet.config = src\Opux\NuGet.config
	EndProjectSection
EndProject
Project("{2150E333-8FDC-42A3-9474-1A3956D46DE8}") = "Solution Items", "Solution Items", "{AD2B0E05-EA76-4791-925C-A6FD86C73DD1}"
EndProject
Project("{9A19103F-16F7-4668-BE54-9A1E7A4F7556}") = "Opux", "src\Opux\Opux.csproj", "{ABF03EBA-6D08-4F95-8431-9534BC2B6781}"
EndProject
Global
	GlobalSection(SolutionConfigurationPlatforms) = preSolution
		Debug|Any CPU = Debug|Any CPU
		Release|Any CPU = Release|Any CPU
	EndGlobalSection
	GlobalSection(ProjectConfigurationPlatforms) = postSolution
		{ABF03EBA-6D08-4F95-8431-9534BC2B6781}.Debug|Any CPU.ActiveCfg = Debug|Any CPU
		{ABF03EBA-6D08-4F95-8431-9534BC2B6781}.Debug|Any CPU.Build.0 = Debug|Any CPU
		{ABF03EBA-6D08-4F95-8431-9534BC2B6781}.Release|Any CPU.ActiveCfg = Release|Any CPU
		{ABF03EBA-6D08-4F95-8431-9534BC2B6781}.Release|Any CPU.Build.0 = Release|Any CPU
	EndGlobalSection
	GlobalSection(SolutionProperties) = preSolution
		HideSolutionNode = FALSE
	EndGlobalSection
	GlobalSection(NestedProjects) = preSolution
		{ABF03EBA-6D08-4F95-8431-9534BC2B6781} = {7B372C57-D38E-4D41-A5DF-3ADEC27C3D06}
	EndGlobalSection
EndGlobal
